
Microsoft Visual Studio Solution File, Format Version 12.00
# Visual Studio Version 17
VisualStudioVersion = 17.2.32616.157
MinimumVisualStudioVersion = 10.0.40219.1
Project("{FAE04EC0-301F-11D3-BF4B-00C04F79EFBC}") = "PuyoAppConsole", "PuyoAppConsole\PuyoAppConsole.csproj", "{A97B0848-7B4B-43F8-9332-0A05B55DDF1E}"
EndProject
Global
	GlobalSection(SolutionConfigurationPlatforms) = preSolution
		Debug|Any CPU = Debug|Any CPU
		Release|Any CPU = Release|Any CPU
	EndGlobalSection
	GlobalSection(ProjectConfigurationPlatforms) = postSolution
		{A97B0848-7B4B-43F8-9332-0A05B55DDF1E}.Debug|Any CPU.ActiveCfg = Debug|Any CPU
		{A97B0848-7B4B-43F8-9332-0A05B55DDF1E}.Debug|Any CPU.Build.0 = Debug|Any CPU
		{A97B0848-7B4B-43F8-9332-0A05B55DDF1E}.Release|Any CPU.ActiveCfg = Release|Any CPU
		{A97B0848-7B4B-43F8-9332-0A05B55DDF1E}.Release|Any CPU.Build.0 = Release|Any CPU
	EndGlobalSection
	GlobalSection(SolutionProperties) = preSolution
		HideSolutionNode = FALSE
	EndGlobalSection
	GlobalSection(ExtensibilityGlobals) = postSolution
		SolutionGuid = {64C7F27E-F8EB-4DDB-85A1-FD83A68D5507}
	EndGlobalSection
EndGlobal
